{
    "dbrekelmans/bdi": {
        "version": "1.0"
    },
    "php-webdriver/webdriver": {
        "version": "1.12.0"
    },
    "phpstan/phpdoc-parser": {
        "version": "1.2.0"
    },
    "symfony/flex": {
        "version": "1.17",
        "recipe": {
            "repo": "github.com/symfony/recipes",
            "branch": "master",
            "version": "1.0",
            "ref": "c0eeb50665f0f77226616b6038a9b06c03752d8e"
        },
        "files": [
            ".env"
        ]
    },
    "symfony/http-client": {
        "version": "v4.4.38"
    },
    "symfony/inflector": {
        "version": "v4.4.34"
    },
    "symfony/panther": {
        "version": "1.1",
        "recipe": {
            "repo": "github.com/symfony/recipes",
            "branch": "master",
            "version": "1.0",
            "ref": "877d853a05c6713665a2f4b954734592680abff6"
        }
    },
    "symfony/polyfill-intl-icu": {
        "version": "v1.23.0"
    }
}
